{
  "version": 4,
  "terraform_version": "1.6.5",
  "serial": 34,
  "lineage": "d059c02f-8f37-9486-e089-8c054a9b96a5",
  "outputs": {
    "automation_gcs": {
      "value": "lp-gpu-automation1",
      "type": "string"
    },
    "automation_sa": {
      "value": "lp-automation1@genaimagician.iam.gserviceaccount.com",
      "type": "string"
    }
  },
  "resources": [
    {
      "module": "module.automation_bootstrap",
      "mode": "managed",
      "type": "google_storage_bucket_object",
      "name": "providers",
      "provider": "provider[\"registry.terraform.io/hashicorp/google\"]",
      "instances": [
        {
          "index_key": "backend",
          "schema_version": 0,
          "attributes": {
            "bucket": "lp-gpu-automation1",
            "cache_control": "",
            "content": "# Copyright 2023 Google LLC\n#\n# Licensed under the Apache License, Version 2.0 (the \"License\");\n# you may not use this file except in compliance with the License.\n# You may obtain a copy of the License at\n#\n#      http://www.apache.org/licenses/LICENSE-2.0\n#\n# Unless required by applicable law or agreed to in writing, software\n# distributed under the License is distributed on an \"AS IS\" BASIS,\n# WITHOUT WARRANTIES OR CONDITIONS OF ANY KIND, either express or implied.\n# See the License for the specific language governing permissions and\n# limitations under the License.\n\n\nterraform {\n  backend \"gcs\" {\n    bucket                      = \"lp-gpu-automation1\"\n    impersonate_service_account = \"lp-automation1@genaimagician.iam.gserviceaccount.com\"\n    # remove the newline between quotes and set the prefix to the folder for Terraform state\n    prefix = \"\n    \"\n  }\n}\n",
            "content_disposition": "",
            "content_encoding": "",
            "content_language": "",
            "content_type": "text/plain; charset=utf-8",
            "crc32c": "ZBTETg==",
            "customer_encryption": [],
            "detect_md5hash": "aF/PuJmGcp7DgLsbQ3Xk8g==",
            "event_based_hold": false,
            "id": "lp-gpu-automation1-providers/backend.tf",
            "kms_key_name": "",
            "md5hash": "aF/PuJmGcp7DgLsbQ3Xk8g==",
            "media_link": "https://storage.googleapis.com/download/storage/v1/b/lp-gpu-automation1/o/providers%2Fbackend.tf?generation=1702614404231574\u0026alt=media",
            "metadata": null,
            "name": "providers/backend.tf",
            "output_name": "providers/backend.tf",
            "retention": [],
            "self_link": "https://www.googleapis.com/storage/v1/b/lp-gpu-automation1/o/providers%2Fbackend.tf",
            "source": null,
            "storage_class": "REGIONAL",
            "temporary_hold": false,
            "timeouts": null
          },
          "sensitive_attributes": [],
          "private": "eyJlMmJmYjczMC1lY2FhLTExZTYtOGY4OC0zNDM2M2JjN2M0YzAiOnsiY3JlYXRlIjoyNDAwMDAwMDAwMDAsImRlbGV0ZSI6MjQwMDAwMDAwMDAwLCJ1cGRhdGUiOjI0MDAwMDAwMDAwMH19",
          "dependencies": [
            "module.automation_bootstrap.module.automation_gcs.google_storage_bucket.bucket",
            "module.automation_bootstrap.module.automation_gcs.google_storage_bucket_iam_binding.bindings",
            "module.automation_bootstrap.module.automation_sa.data.google_service_account.service_account",
            "module.automation_bootstrap.module.automation_sa.google_service_account.service_account",
            "module.automation_bootstrap.module.project_config.data.google_bigquery_default_service_account.bq_sa",
            "module.automation_bootstrap.module.project_config.data.google_project.project",
            "module.automation_bootstrap.module.project_config.data.google_storage_project_service_account.gcs_sa",
            "module.automation_bootstrap.module.project_config.google_compute_shared_vpc_host_project.shared_vpc_host",
            "module.automation_bootstrap.module.project_config.google_compute_shared_vpc_service_project.service_projects",
            "module.automation_bootstrap.module.project_config.google_compute_shared_vpc_service_project.shared_vpc_service",
            "module.automation_bootstrap.module.project_config.google_kms_crypto_key_iam_member.service_identity_cmek",
            "module.automation_bootstrap.module.project_config.google_org_policy_policy.default",
            "module.automation_bootstrap.module.project_config.google_project.project",
            "module.automation_bootstrap.module.project_config.google_project_default_service_accounts.default_service_accounts",
            "module.automation_bootstrap.module.project_config.google_project_iam_member.servicenetworking",
            "module.automation_bootstrap.module.project_config.google_project_iam_member.shared_vpc_host_robots",
            "module.automation_bootstrap.module.project_config.google_project_service.project_services",
            "module.automation_bootstrap.module.project_config.google_project_service_identity.jit_si",
            "module.automation_bootstrap.module.project_config.google_project_service_identity.servicenetworking"
          ]
        },
        {
          "index_key": "providers",
          "schema_version": 0,
          "attributes": {
            "bucket": "lp-gpu-automation1",
            "cache_control": "",
            "content": "# Copyright 2023 Google LLC\n#\n# Licensed under the Apache License, Version 2.0 (the \"License\");\n# you may not use this file except in compliance with the License.\n# You may obtain a copy of the License at\n#\n#      http://www.apache.org/licenses/LICENSE-2.0\n#\n# Unless required by applicable law or agreed to in writing, software\n# distributed under the License is distributed on an \"AS IS\" BASIS,\n# WITHOUT WARRANTIES OR CONDITIONS OF ANY KIND, either express or implied.\n# See the License for the specific language governing permissions and\n# limitations under the License.\n\n\nprovider \"google\" {\n  impersonate_service_account = \"lp-automation1@genaimagician.iam.gserviceaccount.com\"\n}\nprovider \"google-beta\" {\n  impersonate_service_account = \"lp-automation1@genaimagician.iam.gserviceaccount.com\"\n}\n\n",
            "content_disposition": "",
            "content_encoding": "",
            "content_language": "",
            "content_type": "text/plain; charset=utf-8",
            "crc32c": "nQ7nUg==",
            "customer_encryption": [],
            "detect_md5hash": "jrYSwkoRNZ2UtJ1QD+tFOQ==",
            "event_based_hold": false,
            "id": "lp-gpu-automation1-providers/providers.tf",
            "kms_key_name": "",
            "md5hash": "jrYSwkoRNZ2UtJ1QD+tFOQ==",
            "media_link": "https://storage.googleapis.com/download/storage/v1/b/lp-gpu-automation1/o/providers%2Fproviders.tf?generation=1702614403997256\u0026alt=media",
            "metadata": null,
            "name": "providers/providers.tf",
            "output_name": "providers/providers.tf",
            "retention": [],
            "self_link": "https://www.googleapis.com/storage/v1/b/lp-gpu-automation1/o/providers%2Fproviders.tf",
            "source": null,
            "storage_class": "REGIONAL",
            "temporary_hold": false,
            "timeouts": null
          },
          "sensitive_attributes": [],
          "private": "eyJlMmJmYjczMC1lY2FhLTExZTYtOGY4OC0zNDM2M2JjN2M0YzAiOnsiY3JlYXRlIjoyNDAwMDAwMDAwMDAsImRlbGV0ZSI6MjQwMDAwMDAwMDAwLCJ1cGRhdGUiOjI0MDAwMDAwMDAwMH19",
          "dependencies": [
            "module.automation_bootstrap.module.automation_gcs.google_storage_bucket.bucket",
            "module.automation_bootstrap.module.automation_gcs.google_storage_bucket_iam_binding.bindings",
            "module.automation_bootstrap.module.automation_sa.data.google_service_account.service_account",
            "module.automation_bootstrap.module.automation_sa.google_service_account.service_account",
            "module.automation_bootstrap.module.project_config.data.google_bigquery_default_service_account.bq_sa",
            "module.automation_bootstrap.module.project_config.data.google_project.project",
            "module.automation_bootstrap.module.project_config.data.google_storage_project_service_account.gcs_sa",
            "module.automation_bootstrap.module.project_config.google_compute_shared_vpc_host_project.shared_vpc_host",
            "module.automation_bootstrap.module.project_config.google_compute_shared_vpc_service_project.service_projects",
            "module.automation_bootstrap.module.project_config.google_compute_shared_vpc_service_project.shared_vpc_service",
            "module.automation_bootstrap.module.project_config.google_kms_crypto_key_iam_member.service_identity_cmek",
            "module.automation_bootstrap.module.project_config.google_org_policy_policy.default",
            "module.automation_bootstrap.module.project_config.google_project.project",
            "module.automation_bootstrap.module.project_config.google_project_default_service_accounts.default_service_accounts",
            "module.automation_bootstrap.module.project_config.google_project_iam_member.servicenetworking",
            "module.automation_bootstrap.module.project_config.google_project_iam_member.shared_vpc_host_robots",
            "module.automation_bootstrap.module.project_config.google_project_service.project_services",
            "module.automation_bootstrap.module.project_config.google_project_service_identity.jit_si",
            "module.automation_bootstrap.module.project_config.google_project_service_identity.servicenetworking"
          ]
        }
      ]
    },
    {
      "module": "module.automation_bootstrap.module.automation_gcs",
      "mode": "managed",
      "type": "google_storage_bucket",
      "name": "bucket",
      "provider": "provider[\"registry.terraform.io/hashicorp/google\"]",
      "instances": [
        {
          "schema_version": 1,
          "attributes": {
            "autoclass": [],
            "cors": [],
            "custom_placement_config": [],
            "default_event_based_hold": false,
            "effective_labels": {},
            "enable_object_retention": false,
            "encryption": [],
            "force_destroy": false,
            "id": "lp-gpu-automation1",
            "labels": null,
            "lifecycle_rule": [],
            "location": "US-CENTRAL1",
            "logging": [],
            "name": "lp-gpu-automation1",
            "project": "genaimagician",
            "public_access_prevention": "inherited",
            "requester_pays": false,
            "retention_policy": [],
            "self_link": "https://www.googleapis.com/storage/v1/b/lp-gpu-automation1",
            "storage_class": "REGIONAL",
            "terraform_labels": {},
            "timeouts": null,
            "uniform_bucket_level_access": true,
            "url": "gs://lp-gpu-automation1",
            "versioning": [
              {
                "enabled": true
              }
            ],
            "website": []
          },
          "sensitive_attributes": [],
          "private": "eyJlMmJmYjczMC1lY2FhLTExZTYtOGY4OC0zNDM2M2JjN2M0YzAiOnsiY3JlYXRlIjo2MDAwMDAwMDAwMDAsInJlYWQiOjI0MDAwMDAwMDAwMCwidXBkYXRlIjoyNDAwMDAwMDAwMDB9LCJzY2hlbWFfdmVyc2lvbiI6IjEifQ==",
          "dependencies": [
            "module.automation_bootstrap.module.project_config.data.google_bigquery_default_service_account.bq_sa",
            "module.automation_bootstrap.module.project_config.data.google_project.project",
            "module.automation_bootstrap.module.project_config.data.google_storage_project_service_account.gcs_sa",
            "module.automation_bootstrap.module.project_config.google_compute_shared_vpc_host_project.shared_vpc_host",
            "module.automation_bootstrap.module.project_config.google_compute_shared_vpc_service_project.service_projects",
            "module.automation_bootstrap.module.project_config.google_compute_shared_vpc_service_project.shared_vpc_service",
            "module.automation_bootstrap.module.project_config.google_kms_crypto_key_iam_member.service_identity_cmek",
            "module.automation_bootstrap.module.project_config.google_org_policy_policy.default",
            "module.automation_bootstrap.module.project_config.google_project.project",
            "module.automation_bootstrap.module.project_config.google_project_default_service_accounts.default_service_accounts",
            "module.automation_bootstrap.module.project_config.google_project_iam_member.servicenetworking",
            "module.automation_bootstrap.module.project_config.google_project_iam_member.shared_vpc_host_robots",
            "module.automation_bootstrap.module.project_config.google_project_service.project_services",
            "module.automation_bootstrap.module.project_config.google_project_service_identity.jit_si",
            "module.automation_bootstrap.module.project_config.google_project_service_identity.servicenetworking"
          ]
        }
      ]
    },
    {
      "module": "module.automation_bootstrap.module.automation_sa",
      "mode": "managed",
      "type": "google_project_iam_member",
      "name": "project-roles",
      "provider": "provider[\"registry.terraform.io/hashicorp/google\"]",
      "instances": [
        {
          "index_key": "genaimagician-roles/aiplatform.user",
          "schema_version": 0,
          "attributes": {
            "condition": [],
            "etag": "BwYMhM71rJA=",
            "id": "genaimagician/roles/aiplatform.user/serviceAccount:lp-automation1@genaimagician.iam.gserviceaccount.com",
            "member": "serviceAccount:lp-automation1@genaimagician.iam.gserviceaccount.com",
            "project": "genaimagician",
            "role": "roles/aiplatform.user"
          },
          "sensitive_attributes": [],
          "private": "bnVsbA==",
          "dependencies": [
            "module.automation_bootstrap.module.automation_sa.data.google_service_account.service_account",
            "module.automation_bootstrap.module.automation_sa.google_service_account.service_account",
            "module.automation_bootstrap.module.project_config.data.google_bigquery_default_service_account.bq_sa",
            "module.automation_bootstrap.module.project_config.data.google_project.project",
            "module.automation_bootstrap.module.project_config.data.google_storage_project_service_account.gcs_sa",
            "module.automation_bootstrap.module.project_config.google_compute_shared_vpc_host_project.shared_vpc_host",
            "module.automation_bootstrap.module.project_config.google_compute_shared_vpc_service_project.service_projects",
            "module.automation_bootstrap.module.project_config.google_compute_shared_vpc_service_project.shared_vpc_service",
            "module.automation_bootstrap.module.project_config.google_kms_crypto_key_iam_member.service_identity_cmek",
            "module.automation_bootstrap.module.project_config.google_org_policy_policy.default",
            "module.automation_bootstrap.module.project_config.google_project.project",
            "module.automation_bootstrap.module.project_config.google_project_default_service_accounts.default_service_accounts",
            "module.automation_bootstrap.module.project_config.google_project_iam_member.servicenetworking",
            "module.automation_bootstrap.module.project_config.google_project_iam_member.shared_vpc_host_robots",
            "module.automation_bootstrap.module.project_config.google_project_service.project_services",
            "module.automation_bootstrap.module.project_config.google_project_service_identity.jit_si",
            "module.automation_bootstrap.module.project_config.google_project_service_identity.servicenetworking"
          ]
        },
        {
          "index_key": "genaimagician-roles/artifactregistry.admin",
          "schema_version": 0,
          "attributes": {
            "condition": [],
            "etag": "BwYMhM71rJA=",
            "id": "genaimagician/roles/artifactregistry.admin/serviceAccount:lp-automation1@genaimagician.iam.gserviceaccount.com",
            "member": "serviceAccount:lp-automation1@genaimagician.iam.gserviceaccount.com",
            "project": "genaimagician",
            "role": "roles/artifactregistry.admin"
          },
          "sensitive_attributes": [],
          "private": "bnVsbA==",
          "dependencies": [
            "module.automation_bootstrap.module.automation_sa.data.google_service_account.service_account",
            "module.automation_bootstrap.module.automation_sa.google_service_account.service_account",
            "module.automation_bootstrap.module.project_config.data.google_bigquery_default_service_account.bq_sa",
            "module.automation_bootstrap.module.project_config.data.google_project.project",
            "module.automation_bootstrap.module.project_config.data.google_storage_project_service_account.gcs_sa",
            "module.automation_bootstrap.module.project_config.google_compute_shared_vpc_host_project.shared_vpc_host",
            "module.automation_bootstrap.module.project_config.google_compute_shared_vpc_service_project.service_projects",
            "module.automation_bootstrap.module.project_config.google_compute_shared_vpc_service_project.shared_vpc_service",
            "module.automation_bootstrap.module.project_config.google_kms_crypto_key_iam_member.service_identity_cmek",
            "module.automation_bootstrap.module.project_config.google_org_policy_policy.default",
            "module.automation_bootstrap.module.project_config.google_project.project",
            "module.automation_bootstrap.module.project_config.google_project_default_service_accounts.default_service_accounts",
            "module.automation_bootstrap.module.project_config.google_project_iam_member.servicenetworking",
            "module.automation_bootstrap.module.project_config.google_project_iam_member.shared_vpc_host_robots",
            "module.automation_bootstrap.module.project_config.google_project_service.project_services",
            "module.automation_bootstrap.module.project_config.google_project_service_identity.jit_si",
            "module.automation_bootstrap.module.project_config.google_project_service_identity.servicenetworking"
          ]
        },
        {
          "index_key": "genaimagician-roles/compute.networkAdmin",
          "schema_version": 0,
          "attributes": {
            "condition": [],
            "etag": "BwYMhM71rJA=",
            "id": "genaimagician/roles/compute.networkAdmin/serviceAccount:lp-automation1@genaimagician.iam.gserviceaccount.com",
            "member": "serviceAccount:lp-automation1@genaimagician.iam.gserviceaccount.com",
            "project": "genaimagician",
            "role": "roles/compute.networkAdmin"
          },
          "sensitive_attributes": [],
          "private": "bnVsbA==",
          "dependencies": [
            "module.automation_bootstrap.module.automation_sa.data.google_service_account.service_account",
            "module.automation_bootstrap.module.automation_sa.google_service_account.service_account",
            "module.automation_bootstrap.module.project_config.data.google_bigquery_default_service_account.bq_sa",
            "module.automation_bootstrap.module.project_config.data.google_project.project",
            "module.automation_bootstrap.module.project_config.data.google_storage_project_service_account.gcs_sa",
            "module.automation_bootstrap.module.project_config.google_compute_shared_vpc_host_project.shared_vpc_host",
            "module.automation_bootstrap.module.project_config.google_compute_shared_vpc_service_project.service_projects",
            "module.automation_bootstrap.module.project_config.google_compute_shared_vpc_service_project.shared_vpc_service",
            "module.automation_bootstrap.module.project_config.google_kms_crypto_key_iam_member.service_identity_cmek",
            "module.automation_bootstrap.module.project_config.google_org_policy_policy.default",
            "module.automation_bootstrap.module.project_config.google_project.project",
            "module.automation_bootstrap.module.project_config.google_project_default_service_accounts.default_service_accounts",
            "module.automation_bootstrap.module.project_config.google_project_iam_member.servicenetworking",
            "module.automation_bootstrap.module.project_config.google_project_iam_member.shared_vpc_host_robots",
            "module.automation_bootstrap.module.project_config.google_project_service.project_services",
            "module.automation_bootstrap.module.project_config.google_project_service_identity.jit_si",
            "module.automation_bootstrap.module.project_config.google_project_service_identity.servicenetworking"
          ]
        },
        {
          "index_key": "genaimagician-roles/container.admin",
          "schema_version": 0,
          "attributes": {
            "condition": [],
            "etag": "BwYMhM71rJA=",
            "id": "genaimagician/roles/container.admin/serviceAccount:lp-automation1@genaimagician.iam.gserviceaccount.com",
            "member": "serviceAccount:lp-automation1@genaimagician.iam.gserviceaccount.com",
            "project": "genaimagician",
            "role": "roles/container.admin"
          },
          "sensitive_attributes": [],
          "private": "bnVsbA==",
          "dependencies": [
            "module.automation_bootstrap.module.automation_sa.data.google_service_account.service_account",
            "module.automation_bootstrap.module.automation_sa.google_service_account.service_account",
            "module.automation_bootstrap.module.project_config.data.google_bigquery_default_service_account.bq_sa",
            "module.automation_bootstrap.module.project_config.data.google_project.project",
            "module.automation_bootstrap.module.project_config.data.google_storage_project_service_account.gcs_sa",
            "module.automation_bootstrap.module.project_config.google_compute_shared_vpc_host_project.shared_vpc_host",
            "module.automation_bootstrap.module.project_config.google_compute_shared_vpc_service_project.service_projects",
            "module.automation_bootstrap.module.project_config.google_compute_shared_vpc_service_project.shared_vpc_service",
            "module.automation_bootstrap.module.project_config.google_kms_crypto_key_iam_member.service_identity_cmek",
            "module.automation_bootstrap.module.project_config.google_org_policy_policy.default",
            "module.automation_bootstrap.module.project_config.google_project.project",
            "module.automation_bootstrap.module.project_config.google_project_default_service_accounts.default_service_accounts",
            "module.automation_bootstrap.module.project_config.google_project_iam_member.servicenetworking",
            "module.automation_bootstrap.module.project_config.google_project_iam_member.shared_vpc_host_robots",
            "module.automation_bootstrap.module.project_config.google_project_service.project_services",
            "module.automation_bootstrap.module.project_config.google_project_service_identity.jit_si",
            "module.automation_bootstrap.module.project_config.google_project_service_identity.servicenetworking"
          ]
        },
        {
          "index_key": "genaimagician-roles/iam.securityAdmin",
          "schema_version": 0,
          "attributes": {
            "condition": [],
            "etag": "BwYMhM71rJA=",
            "id": "genaimagician/roles/iam.securityAdmin/serviceAccount:lp-automation1@genaimagician.iam.gserviceaccount.com",
            "member": "serviceAccount:lp-automation1@genaimagician.iam.gserviceaccount.com",
            "project": "genaimagician",
            "role": "roles/iam.securityAdmin"
          },
          "sensitive_attributes": [],
          "private": "bnVsbA==",
          "dependencies": [
            "module.automation_bootstrap.module.automation_sa.data.google_service_account.service_account",
            "module.automation_bootstrap.module.automation_sa.google_service_account.service_account",
            "module.automation_bootstrap.module.project_config.data.google_bigquery_default_service_account.bq_sa",
            "module.automation_bootstrap.module.project_config.data.google_project.project",
            "module.automation_bootstrap.module.project_config.data.google_storage_project_service_account.gcs_sa",
            "module.automation_bootstrap.module.project_config.google_compute_shared_vpc_host_project.shared_vpc_host",
            "module.automation_bootstrap.module.project_config.google_compute_shared_vpc_service_project.service_projects",
            "module.automation_bootstrap.module.project_config.google_compute_shared_vpc_service_project.shared_vpc_service",
            "module.automation_bootstrap.module.project_config.google_kms_crypto_key_iam_member.service_identity_cmek",
            "module.automation_bootstrap.module.project_config.google_org_policy_policy.default",
            "module.automation_bootstrap.module.project_config.google_project.project",
            "module.automation_bootstrap.module.project_config.google_project_default_service_accounts.default_service_accounts",
            "module.automation_bootstrap.module.project_config.google_project_iam_member.servicenetworking",
            "module.automation_bootstrap.module.project_config.google_project_iam_member.shared_vpc_host_robots",
            "module.automation_bootstrap.module.project_config.google_project_service.project_services",
            "module.automation_bootstrap.module.project_config.google_project_service_identity.jit_si",
            "module.automation_bootstrap.module.project_config.google_project_service_identity.servicenetworking"
          ]
        },
        {
          "index_key": "genaimagician-roles/iam.serviceAccountAdmin",
          "schema_version": 0,
          "attributes": {
            "condition": [],
            "etag": "BwYMhM71rJA=",
            "id": "genaimagician/roles/iam.serviceAccountAdmin/serviceAccount:lp-automation1@genaimagician.iam.gserviceaccount.com",
            "member": "serviceAccount:lp-automation1@genaimagician.iam.gserviceaccount.com",
            "project": "genaimagician",
            "role": "roles/iam.serviceAccountAdmin"
          },
          "sensitive_attributes": [],
          "private": "bnVsbA==",
          "dependencies": [
            "module.automation_bootstrap.module.automation_sa.data.google_service_account.service_account",
            "module.automation_bootstrap.module.automation_sa.google_service_account.service_account",
            "module.automation_bootstrap.module.project_config.data.google_bigquery_default_service_account.bq_sa",
            "module.automation_bootstrap.module.project_config.data.google_project.project",
            "module.automation_bootstrap.module.project_config.data.google_storage_project_service_account.gcs_sa",
            "module.automation_bootstrap.module.project_config.google_compute_shared_vpc_host_project.shared_vpc_host",
            "module.automation_bootstrap.module.project_config.google_compute_shared_vpc_service_project.service_projects",
            "module.automation_bootstrap.module.project_config.google_compute_shared_vpc_service_project.shared_vpc_service",
            "module.automation_bootstrap.module.project_config.google_kms_crypto_key_iam_member.service_identity_cmek",
            "module.automation_bootstrap.module.project_config.google_org_policy_policy.default",
            "module.automation_bootstrap.module.project_config.google_project.project",
            "module.automation_bootstrap.module.project_config.google_project_default_service_accounts.default_service_accounts",
            "module.automation_bootstrap.module.project_config.google_project_iam_member.servicenetworking",
            "module.automation_bootstrap.module.project_config.google_project_iam_member.shared_vpc_host_robots",
            "module.automation_bootstrap.module.project_config.google_project_service.project_services",
            "module.automation_bootstrap.module.project_config.google_project_service_identity.jit_si",
            "module.automation_bootstrap.module.project_config.google_project_service_identity.servicenetworking"
          ]
        },
        {
          "index_key": "genaimagician-roles/iam.serviceAccountUser",
          "schema_version": 0,
          "attributes": {
            "condition": [],
            "etag": "BwYMhM71rJA=",
            "id": "genaimagician/roles/iam.serviceAccountUser/serviceAccount:lp-automation1@genaimagician.iam.gserviceaccount.com",
            "member": "serviceAccount:lp-automation1@genaimagician.iam.gserviceaccount.com",
            "project": "genaimagician",
            "role": "roles/iam.serviceAccountUser"
          },
          "sensitive_attributes": [],
          "private": "bnVsbA==",
          "dependencies": [
            "module.automation_bootstrap.module.automation_sa.data.google_service_account.service_account",
            "module.automation_bootstrap.module.automation_sa.google_service_account.service_account",
            "module.automation_bootstrap.module.project_config.data.google_bigquery_default_service_account.bq_sa",
            "module.automation_bootstrap.module.project_config.data.google_project.project",
            "module.automation_bootstrap.module.project_config.data.google_storage_project_service_account.gcs_sa",
            "module.automation_bootstrap.module.project_config.google_compute_shared_vpc_host_project.shared_vpc_host",
            "module.automation_bootstrap.module.project_config.google_compute_shared_vpc_service_project.service_projects",
            "module.automation_bootstrap.module.project_config.google_compute_shared_vpc_service_project.shared_vpc_service",
            "module.automation_bootstrap.module.project_config.google_kms_crypto_key_iam_member.service_identity_cmek",
            "module.automation_bootstrap.module.project_config.google_org_policy_policy.default",
            "module.automation_bootstrap.module.project_config.google_project.project",
            "module.automation_bootstrap.module.project_config.google_project_default_service_accounts.default_service_accounts",
            "module.automation_bootstrap.module.project_config.google_project_iam_member.servicenetworking",
            "module.automation_bootstrap.module.project_config.google_project_iam_member.shared_vpc_host_robots",
            "module.automation_bootstrap.module.project_config.google_project_service.project_services",
            "module.automation_bootstrap.module.project_config.google_project_service_identity.jit_si",
            "module.automation_bootstrap.module.project_config.google_project_service_identity.servicenetworking"
          ]
        },
        {
          "index_key": "genaimagician-roles/storage.admin",
          "schema_version": 0,
          "attributes": {
            "condition": [],
            "etag": "BwYMhM71rJA=",
            "id": "genaimagician/roles/storage.admin/serviceAccount:lp-automation1@genaimagician.iam.gserviceaccount.com",
            "member": "serviceAccount:lp-automation1@genaimagician.iam.gserviceaccount.com",
            "project": "genaimagician",
            "role": "roles/storage.admin"
          },
          "sensitive_attributes": [],
          "private": "bnVsbA==",
          "dependencies": [
            "module.automation_bootstrap.module.automation_sa.data.google_service_account.service_account",
            "module.automation_bootstrap.module.automation_sa.google_service_account.service_account",
            "module.automation_bootstrap.module.project_config.data.google_bigquery_default_service_account.bq_sa",
            "module.automation_bootstrap.module.project_config.data.google_project.project",
            "module.automation_bootstrap.module.project_config.data.google_storage_project_service_account.gcs_sa",
            "module.automation_bootstrap.module.project_config.google_compute_shared_vpc_host_project.shared_vpc_host",
            "module.automation_bootstrap.module.project_config.google_compute_shared_vpc_service_project.service_projects",
            "module.automation_bootstrap.module.project_config.google_compute_shared_vpc_service_project.shared_vpc_service",
            "module.automation_bootstrap.module.project_config.google_kms_crypto_key_iam_member.service_identity_cmek",
            "module.automation_bootstrap.module.project_config.google_org_policy_policy.default",
            "module.automation_bootstrap.module.project_config.google_project.project",
            "module.automation_bootstrap.module.project_config.google_project_default_service_accounts.default_service_accounts",
            "module.automation_bootstrap.module.project_config.google_project_iam_member.servicenetworking",
            "module.automation_bootstrap.module.project_config.google_project_iam_member.shared_vpc_host_robots",
            "module.automation_bootstrap.module.project_config.google_project_service.project_services",
            "module.automation_bootstrap.module.project_config.google_project_service_identity.jit_si",
            "module.automation_bootstrap.module.project_config.google_project_service_identity.servicenetworking"
          ]
        }
      ]
    },
    {
      "module": "module.automation_bootstrap.module.automation_sa",
      "mode": "managed",
      "type": "google_service_account",
      "name": "service_account",
      "provider": "provider[\"registry.terraform.io/hashicorp/google\"]",
      "instances": [
        {
          "index_key": 0,
          "schema_version": 0,
          "attributes": {
            "account_id": "lp-automation1",
            "description": "",
            "disabled": false,
            "display_name": "Terraform automation service account.",
            "email": "lp-automation1@genaimagician.iam.gserviceaccount.com",
            "id": "projects/genaimagician/serviceAccounts/lp-automation1@genaimagician.iam.gserviceaccount.com",
            "member": "serviceAccount:lp-automation1@genaimagician.iam.gserviceaccount.com",
            "name": "projects/genaimagician/serviceAccounts/lp-automation1@genaimagician.iam.gserviceaccount.com",
            "project": "genaimagician",
            "timeouts": null,
            "unique_id": "100637701633349618853"
          },
          "sensitive_attributes": [],
          "private": "eyJlMmJmYjczMC1lY2FhLTExZTYtOGY4OC0zNDM2M2JjN2M0YzAiOnsiY3JlYXRlIjozMDAwMDAwMDAwMDB9fQ==",
          "dependencies": [
            "module.automation_bootstrap.module.project_config.data.google_bigquery_default_service_account.bq_sa",
            "module.automation_bootstrap.module.project_config.data.google_project.project",
            "module.automation_bootstrap.module.project_config.data.google_storage_project_service_account.gcs_sa",
            "module.automation_bootstrap.module.project_config.google_compute_shared_vpc_host_project.shared_vpc_host",
            "module.automation_bootstrap.module.project_config.google_compute_shared_vpc_service_project.service_projects",
            "module.automation_bootstrap.module.project_config.google_compute_shared_vpc_service_project.shared_vpc_service",
            "module.automation_bootstrap.module.project_config.google_kms_crypto_key_iam_member.service_identity_cmek",
            "module.automation_bootstrap.module.project_config.google_org_policy_policy.default",
            "module.automation_bootstrap.module.project_config.google_project.project",
            "module.automation_bootstrap.module.project_config.google_project_default_service_accounts.default_service_accounts",
            "module.automation_bootstrap.module.project_config.google_project_iam_member.servicenetworking",
            "module.automation_bootstrap.module.project_config.google_project_iam_member.shared_vpc_host_robots",
            "module.automation_bootstrap.module.project_config.google_project_service.project_services",
            "module.automation_bootstrap.module.project_config.google_project_service_identity.jit_si",
            "module.automation_bootstrap.module.project_config.google_project_service_identity.servicenetworking"
          ]
        }
      ]
    },
    {
      "module": "module.automation_bootstrap.module.automation_sa",
      "mode": "managed",
      "type": "google_storage_bucket_iam_member",
      "name": "bucket-roles",
      "provider": "provider[\"registry.terraform.io/hashicorp/google\"]",
      "instances": [
        {
          "index_key": "lp-gpu-automation1-roles/storage.admin",
          "schema_version": 0,
          "attributes": {
            "bucket": "b/lp-gpu-automation1",
            "condition": [],
            "etag": "CAI=",
            "id": "b/lp-gpu-automation1/roles/storage.admin/serviceAccount:lp-automation1@genaimagician.iam.gserviceaccount.com",
            "member": "serviceAccount:lp-automation1@genaimagician.iam.gserviceaccount.com",
            "role": "roles/storage.admin"
          },
          "sensitive_attributes": [],
          "private": "bnVsbA==",
          "dependencies": [
            "module.automation_bootstrap.module.automation_gcs.google_storage_bucket.bucket",
            "module.automation_bootstrap.module.automation_gcs.google_storage_bucket_iam_binding.bindings",
            "module.automation_bootstrap.module.automation_sa.data.google_service_account.service_account",
            "module.automation_bootstrap.module.automation_sa.google_service_account.service_account",
            "module.automation_bootstrap.module.project_config.data.google_bigquery_default_service_account.bq_sa",
            "module.automation_bootstrap.module.project_config.data.google_project.project",
            "module.automation_bootstrap.module.project_config.data.google_storage_project_service_account.gcs_sa",
            "module.automation_bootstrap.module.project_config.google_compute_shared_vpc_host_project.shared_vpc_host",
            "module.automation_bootstrap.module.project_config.google_compute_shared_vpc_service_project.service_projects",
            "module.automation_bootstrap.module.project_config.google_compute_shared_vpc_service_project.shared_vpc_service",
            "module.automation_bootstrap.module.project_config.google_kms_crypto_key_iam_member.service_identity_cmek",
            "module.automation_bootstrap.module.project_config.google_org_policy_policy.default",
            "module.automation_bootstrap.module.project_config.google_project.project",
            "module.automation_bootstrap.module.project_config.google_project_default_service_accounts.default_service_accounts",
            "module.automation_bootstrap.module.project_config.google_project_iam_member.servicenetworking",
            "module.automation_bootstrap.module.project_config.google_project_iam_member.shared_vpc_host_robots",
            "module.automation_bootstrap.module.project_config.google_project_service.project_services",
            "module.automation_bootstrap.module.project_config.google_project_service_identity.jit_si",
            "module.automation_bootstrap.module.project_config.google_project_service_identity.servicenetworking"
          ]
        }
      ]
    },
    {
      "module": "module.automation_bootstrap.module.project_config",
      "mode": "data",
      "type": "google_project",
      "name": "project",
      "provider": "provider[\"registry.terraform.io/hashicorp/google\"]",
      "instances": [
        {
          "index_key": 0,
          "schema_version": 0,
          "attributes": {
            "auto_create_network": null,
            "billing_account": "01CA82-0CFAFB-FC57E0",
            "effective_labels": {},
            "folder_id": "",
            "id": "projects/genaimagician",
            "labels": {},
            "name": "genaimagician",
            "number": "512433420069",
            "org_id": "839847388213",
            "project_id": "genaimagician",
            "skip_delete": null,
            "terraform_labels": {}
          },
          "sensitive_attributes": []
        }
      ]
    },
    {
      "module": "module.automation_bootstrap.module.project_config",
      "mode": "data",
      "type": "google_storage_project_service_account",
      "name": "gcs_sa",
      "provider": "provider[\"registry.terraform.io/hashicorp/google\"]",
      "instances": [
        {
          "index_key": 0,
          "schema_version": 0,
          "attributes": {
            "email_address": "service-512433420069@gs-project-accounts.iam.gserviceaccount.com",
            "id": "service-512433420069@gs-project-accounts.iam.gserviceaccount.com",
            "member": "serviceAccount:service-512433420069@gs-project-accounts.iam.gserviceaccount.com",
            "project": "genaimagician",
            "user_project": null
          },
          "sensitive_attributes": []
        }
      ]
    },
    {
      "module": "module.automation_bootstrap.module.project_config",
      "mode": "managed",
      "type": "google_project_service",
      "name": "project_services",
      "provider": "provider[\"registry.terraform.io/hashicorp/google\"]",
      "instances": [
        {
          "index_key": "accesscontextmanager.googleapis.com",
          "schema_version": 0,
          "attributes": {
            "disable_dependent_services": false,
            "disable_on_destroy": false,
            "id": "genaimagician/accesscontextmanager.googleapis.com",
            "project": "genaimagician",
            "service": "accesscontextmanager.googleapis.com",
            "timeouts": null
          },
          "sensitive_attributes": [],
          "private": "eyJlMmJmYjczMC1lY2FhLTExZTYtOGY4OC0zNDM2M2JjN2M0YzAiOnsiY3JlYXRlIjoxMjAwMDAwMDAwMDAwLCJkZWxldGUiOjEyMDAwMDAwMDAwMDAsInJlYWQiOjYwMDAwMDAwMDAwMCwidXBkYXRlIjoxMjAwMDAwMDAwMDAwfX0=",
          "dependencies": [
            "module.automation_bootstrap.module.project_config.data.google_project.project",
            "module.automation_bootstrap.module.project_config.google_project.project"
          ]
        },
        {
          "index_key": "aiplatform.googleapis.com",
          "schema_version": 0,
          "attributes": {
            "disable_dependent_services": false,
            "disable_on_destroy": false,
            "id": "genaimagician/aiplatform.googleapis.com",
            "project": "genaimagician",
            "service": "aiplatform.googleapis.com",
            "timeouts": null
          },
          "sensitive_attributes": [],
          "private": "eyJlMmJmYjczMC1lY2FhLTExZTYtOGY4OC0zNDM2M2JjN2M0YzAiOnsiY3JlYXRlIjoxMjAwMDAwMDAwMDAwLCJkZWxldGUiOjEyMDAwMDAwMDAwMDAsInJlYWQiOjYwMDAwMDAwMDAwMCwidXBkYXRlIjoxMjAwMDAwMDAwMDAwfX0=",
          "dependencies": [
            "module.automation_bootstrap.module.project_config.data.google_project.project",
            "module.automation_bootstrap.module.project_config.google_project.project"
          ]
        },
        {
          "index_key": "artifactregistry.googleapis.com",
          "schema_version": 0,
          "attributes": {
            "disable_dependent_services": false,
            "disable_on_destroy": false,
            "id": "genaimagician/artifactregistry.googleapis.com",
            "project": "genaimagician",
            "service": "artifactregistry.googleapis.com",
            "timeouts": null
          },
          "sensitive_attributes": [],
          "private": "eyJlMmJmYjczMC1lY2FhLTExZTYtOGY4OC0zNDM2M2JjN2M0YzAiOnsiY3JlYXRlIjoxMjAwMDAwMDAwMDAwLCJkZWxldGUiOjEyMDAwMDAwMDAwMDAsInJlYWQiOjYwMDAwMDAwMDAwMCwidXBkYXRlIjoxMjAwMDAwMDAwMDAwfX0=",
          "dependencies": [
            "module.automation_bootstrap.module.project_config.data.google_project.project",
            "module.automation_bootstrap.module.project_config.google_project.project"
          ]
        },
        {
          "index_key": "cloudbuild.googleapis.com",
          "schema_version": 0,
          "attributes": {
            "disable_dependent_services": false,
            "disable_on_destroy": false,
            "id": "genaimagician/cloudbuild.googleapis.com",
            "project": "genaimagician",
            "service": "cloudbuild.googleapis.com",
            "timeouts": null
          },
          "sensitive_attributes": [],
          "private": "eyJlMmJmYjczMC1lY2FhLTExZTYtOGY4OC0zNDM2M2JjN2M0YzAiOnsiY3JlYXRlIjoxMjAwMDAwMDAwMDAwLCJkZWxldGUiOjEyMDAwMDAwMDAwMDAsInJlYWQiOjYwMDAwMDAwMDAwMCwidXBkYXRlIjoxMjAwMDAwMDAwMDAwfX0=",
          "dependencies": [
            "module.automation_bootstrap.module.project_config.data.google_project.project",
            "module.automation_bootstrap.module.project_config.google_project.project"
          ]
        },
        {
          "index_key": "cloudkms.googleapis.com",
          "schema_version": 0,
          "attributes": {
            "disable_dependent_services": false,
            "disable_on_destroy": false,
            "id": "genaimagician/cloudkms.googleapis.com",
            "project": "genaimagician",
            "service": "cloudkms.googleapis.com",
            "timeouts": null
          },
          "sensitive_attributes": [],
          "private": "eyJlMmJmYjczMC1lY2FhLTExZTYtOGY4OC0zNDM2M2JjN2M0YzAiOnsiY3JlYXRlIjoxMjAwMDAwMDAwMDAwLCJkZWxldGUiOjEyMDAwMDAwMDAwMDAsInJlYWQiOjYwMDAwMDAwMDAwMCwidXBkYXRlIjoxMjAwMDAwMDAwMDAwfX0=",
          "dependencies": [
            "module.automation_bootstrap.module.project_config.data.google_project.project",
            "module.automation_bootstrap.module.project_config.google_project.project"
          ]
        },
        {
          "index_key": "cloudresourcemanager.googleapis.com",
          "schema_version": 0,
          "attributes": {
            "disable_dependent_services": false,
            "disable_on_destroy": false,
            "id": "genaimagician/cloudresourcemanager.googleapis.com",
            "project": "genaimagician",
            "service": "cloudresourcemanager.googleapis.com",
            "timeouts": null
          },
          "sensitive_attributes": [],
          "private": "eyJlMmJmYjczMC1lY2FhLTExZTYtOGY4OC0zNDM2M2JjN2M0YzAiOnsiY3JlYXRlIjoxMjAwMDAwMDAwMDAwLCJkZWxldGUiOjEyMDAwMDAwMDAwMDAsInJlYWQiOjYwMDAwMDAwMDAwMCwidXBkYXRlIjoxMjAwMDAwMDAwMDAwfX0=",
          "dependencies": [
            "module.automation_bootstrap.module.project_config.data.google_project.project",
            "module.automation_bootstrap.module.project_config.google_project.project"
          ]
        },
        {
          "index_key": "compute.googleapis.com",
          "schema_version": 0,
          "attributes": {
            "disable_dependent_services": false,
            "disable_on_destroy": false,
            "id": "genaimagician/compute.googleapis.com",
            "project": "genaimagician",
            "service": "compute.googleapis.com",
            "timeouts": null
          },
          "sensitive_attributes": [],
          "private": "eyJlMmJmYjczMC1lY2FhLTExZTYtOGY4OC0zNDM2M2JjN2M0YzAiOnsiY3JlYXRlIjoxMjAwMDAwMDAwMDAwLCJkZWxldGUiOjEyMDAwMDAwMDAwMDAsInJlYWQiOjYwMDAwMDAwMDAwMCwidXBkYXRlIjoxMjAwMDAwMDAwMDAwfX0=",
          "dependencies": [
            "module.automation_bootstrap.module.project_config.data.google_project.project",
            "module.automation_bootstrap.module.project_config.google_project.project"
          ]
        },
        {
          "index_key": "container.googleapis.com",
          "schema_version": 0,
          "attributes": {
            "disable_dependent_services": false,
            "disable_on_destroy": false,
            "id": "genaimagician/container.googleapis.com",
            "project": "genaimagician",
            "service": "container.googleapis.com",
            "timeouts": null
          },
          "sensitive_attributes": [],
          "private": "eyJlMmJmYjczMC1lY2FhLTExZTYtOGY4OC0zNDM2M2JjN2M0YzAiOnsiY3JlYXRlIjoxMjAwMDAwMDAwMDAwLCJkZWxldGUiOjEyMDAwMDAwMDAwMDAsInJlYWQiOjYwMDAwMDAwMDAwMCwidXBkYXRlIjoxMjAwMDAwMDAwMDAwfX0=",
          "dependencies": [
            "module.automation_bootstrap.module.project_config.data.google_project.project",
            "module.automation_bootstrap.module.project_config.google_project.project"
          ]
        },
        {
          "index_key": "iam.googleapis.com",
          "schema_version": 0,
          "attributes": {
            "disable_dependent_services": false,
            "disable_on_destroy": false,
            "id": "genaimagician/iam.googleapis.com",
            "project": "genaimagician",
            "service": "iam.googleapis.com",
            "timeouts": null
          },
          "sensitive_attributes": [],
          "private": "eyJlMmJmYjczMC1lY2FhLTExZTYtOGY4OC0zNDM2M2JjN2M0YzAiOnsiY3JlYXRlIjoxMjAwMDAwMDAwMDAwLCJkZWxldGUiOjEyMDAwMDAwMDAwMDAsInJlYWQiOjYwMDAwMDAwMDAwMCwidXBkYXRlIjoxMjAwMDAwMDAwMDAwfX0=",
          "dependencies": [
            "module.automation_bootstrap.module.project_config.data.google_project.project",
            "module.automation_bootstrap.module.project_config.google_project.project"
          ]
        },
        {
          "index_key": "iamcredentials.googleapis.com",
          "schema_version": 0,
          "attributes": {
            "disable_dependent_services": false,
            "disable_on_destroy": false,
            "id": "genaimagician/iamcredentials.googleapis.com",
            "project": "genaimagician",
            "service": "iamcredentials.googleapis.com",
            "timeouts": null
          },
          "sensitive_attributes": [],
          "private": "eyJlMmJmYjczMC1lY2FhLTExZTYtOGY4OC0zNDM2M2JjN2M0YzAiOnsiY3JlYXRlIjoxMjAwMDAwMDAwMDAwLCJkZWxldGUiOjEyMDAwMDAwMDAwMDAsInJlYWQiOjYwMDAwMDAwMDAwMCwidXBkYXRlIjoxMjAwMDAwMDAwMDAwfX0=",
          "dependencies": [
            "module.automation_bootstrap.module.project_config.data.google_project.project",
            "module.automation_bootstrap.module.project_config.google_project.project"
          ]
        },
        {
          "index_key": "serviceusage.googleapis.com",
          "schema_version": 0,
          "attributes": {
            "disable_dependent_services": false,
            "disable_on_destroy": false,
            "id": "genaimagician/serviceusage.googleapis.com",
            "project": "genaimagician",
            "service": "serviceusage.googleapis.com",
            "timeouts": null
          },
          "sensitive_attributes": [],
          "private": "eyJlMmJmYjczMC1lY2FhLTExZTYtOGY4OC0zNDM2M2JjN2M0YzAiOnsiY3JlYXRlIjoxMjAwMDAwMDAwMDAwLCJkZWxldGUiOjEyMDAwMDAwMDAwMDAsInJlYWQiOjYwMDAwMDAwMDAwMCwidXBkYXRlIjoxMjAwMDAwMDAwMDAwfX0=",
          "dependencies": [
            "module.automation_bootstrap.module.project_config.data.google_project.project",
            "module.automation_bootstrap.module.project_config.google_project.project"
          ]
        },
        {
          "index_key": "sourcerepo.googleapis.com",
          "schema_version": 0,
          "attributes": {
            "disable_dependent_services": false,
            "disable_on_destroy": false,
            "id": "genaimagician/sourcerepo.googleapis.com",
            "project": "genaimagician",
            "service": "sourcerepo.googleapis.com",
            "timeouts": null
          },
          "sensitive_attributes": [],
          "private": "eyJlMmJmYjczMC1lY2FhLTExZTYtOGY4OC0zNDM2M2JjN2M0YzAiOnsiY3JlYXRlIjoxMjAwMDAwMDAwMDAwLCJkZWxldGUiOjEyMDAwMDAwMDAwMDAsInJlYWQiOjYwMDAwMDAwMDAwMCwidXBkYXRlIjoxMjAwMDAwMDAwMDAwfX0=",
          "dependencies": [
            "module.automation_bootstrap.module.project_config.data.google_project.project",
            "module.automation_bootstrap.module.project_config.google_project.project"
          ]
        },
        {
          "index_key": "stackdriver.googleapis.com",
          "schema_version": 0,
          "attributes": {
            "disable_dependent_services": false,
            "disable_on_destroy": false,
            "id": "genaimagician/stackdriver.googleapis.com",
            "project": "genaimagician",
            "service": "stackdriver.googleapis.com",
            "timeouts": null
          },
          "sensitive_attributes": [],
          "private": "eyJlMmJmYjczMC1lY2FhLTExZTYtOGY4OC0zNDM2M2JjN2M0YzAiOnsiY3JlYXRlIjoxMjAwMDAwMDAwMDAwLCJkZWxldGUiOjEyMDAwMDAwMDAwMDAsInJlYWQiOjYwMDAwMDAwMDAwMCwidXBkYXRlIjoxMjAwMDAwMDAwMDAwfX0=",
          "dependencies": [
            "module.automation_bootstrap.module.project_config.data.google_project.project",
            "module.automation_bootstrap.module.project_config.google_project.project"
          ]
        },
        {
          "index_key": "storage-component.googleapis.com",
          "schema_version": 0,
          "attributes": {
            "disable_dependent_services": false,
            "disable_on_destroy": false,
            "id": "genaimagician/storage-component.googleapis.com",
            "project": "genaimagician",
            "service": "storage-component.googleapis.com",
            "timeouts": null
          },
          "sensitive_attributes": [],
          "private": "eyJlMmJmYjczMC1lY2FhLTExZTYtOGY4OC0zNDM2M2JjN2M0YzAiOnsiY3JlYXRlIjoxMjAwMDAwMDAwMDAwLCJkZWxldGUiOjEyMDAwMDAwMDAwMDAsInJlYWQiOjYwMDAwMDAwMDAwMCwidXBkYXRlIjoxMjAwMDAwMDAwMDAwfX0=",
          "dependencies": [
            "module.automation_bootstrap.module.project_config.data.google_project.project",
            "module.automation_bootstrap.module.project_config.google_project.project"
          ]
        },
        {
          "index_key": "storage.googleapis.com",
          "schema_version": 0,
          "attributes": {
            "disable_dependent_services": false,
            "disable_on_destroy": false,
            "id": "genaimagician/storage.googleapis.com",
            "project": "genaimagician",
            "service": "storage.googleapis.com",
            "timeouts": null
          },
          "sensitive_attributes": [],
          "private": "eyJlMmJmYjczMC1lY2FhLTExZTYtOGY4OC0zNDM2M2JjN2M0YzAiOnsiY3JlYXRlIjoxMjAwMDAwMDAwMDAwLCJkZWxldGUiOjEyMDAwMDAwMDAwMDAsInJlYWQiOjYwMDAwMDAwMDAwMCwidXBkYXRlIjoxMjAwMDAwMDAwMDAwfX0=",
          "dependencies": [
            "module.automation_bootstrap.module.project_config.data.google_project.project",
            "module.automation_bootstrap.module.project_config.google_project.project"
          ]
        },
        {
          "index_key": "sts.googleapis.com",
          "schema_version": 0,
          "attributes": {
            "disable_dependent_services": false,
            "disable_on_destroy": false,
            "id": "genaimagician/sts.googleapis.com",
            "project": "genaimagician",
            "service": "sts.googleapis.com",
            "timeouts": null
          },
          "sensitive_attributes": [],
          "private": "eyJlMmJmYjczMC1lY2FhLTExZTYtOGY4OC0zNDM2M2JjN2M0YzAiOnsiY3JlYXRlIjoxMjAwMDAwMDAwMDAwLCJkZWxldGUiOjEyMDAwMDAwMDAwMDAsInJlYWQiOjYwMDAwMDAwMDAwMCwidXBkYXRlIjoxMjAwMDAwMDAwMDAwfX0=",
          "dependencies": [
            "module.automation_bootstrap.module.project_config.data.google_project.project",
            "module.automation_bootstrap.module.project_config.google_project.project"
          ]
        }
      ]
    },
    {
      "module": "module.automation_bootstrap.module.project_config",
      "mode": "managed",
      "type": "google_project_service_identity",
      "name": "jit_si",
      "provider": "provider[\"registry.terraform.io/hashicorp/google-beta\"]",
      "instances": [
        {
          "index_key": "aiplatform.googleapis.com",
          "schema_version": 0,
          "attributes": {
            "email": "service-512433420069@gcp-sa-aiplatform.iam.gserviceaccount.com",
            "id": "projects/genaimagician/services/aiplatform.googleapis.com",
            "project": "genaimagician",
            "service": "aiplatform.googleapis.com",
            "timeouts": null
          },
          "sensitive_attributes": [],
          "private": "eyJlMmJmYjczMC1lY2FhLTExZTYtOGY4OC0zNDM2M2JjN2M0YzAiOnsiY3JlYXRlIjoxMjAwMDAwMDAwMDAwLCJkZWxldGUiOjEyMDAwMDAwMDAwMDAsInJlYWQiOjYwMDAwMDAwMDAwMH19",
          "dependencies": [
            "module.automation_bootstrap.module.project_config.data.google_project.project",
            "module.automation_bootstrap.module.project_config.google_project.project",
            "module.automation_bootstrap.module.project_config.google_project_service.project_services"
          ]
        },
        {
          "index_key": "artifactregistry.googleapis.com",
          "schema_version": 0,
          "attributes": {
            "email": "service-512433420069@gcp-sa-artifactregistry.iam.gserviceaccount.com",
            "id": "projects/genaimagician/services/artifactregistry.googleapis.com",
            "project": "genaimagician",
            "service": "artifactregistry.googleapis.com",
            "timeouts": null
          },
          "sensitive_attributes": [],
          "private": "eyJlMmJmYjczMC1lY2FhLTExZTYtOGY4OC0zNDM2M2JjN2M0YzAiOnsiY3JlYXRlIjoxMjAwMDAwMDAwMDAwLCJkZWxldGUiOjEyMDAwMDAwMDAwMDAsInJlYWQiOjYwMDAwMDAwMDAwMH19",
          "dependencies": [
            "module.automation_bootstrap.module.project_config.data.google_project.project",
            "module.automation_bootstrap.module.project_config.google_project.project",
            "module.automation_bootstrap.module.project_config.google_project_service.project_services"
          ]
        },
        {
          "index_key": "cloudbuild.googleapis.com",
          "schema_version": 0,
          "attributes": {
            "email": "512433420069@cloudbuild.gserviceaccount.com",
            "id": "projects/genaimagician/services/cloudbuild.googleapis.com",
            "project": "genaimagician",
            "service": "cloudbuild.googleapis.com",
            "timeouts": null
          },
          "sensitive_attributes": [],
          "private": "eyJlMmJmYjczMC1lY2FhLTExZTYtOGY4OC0zNDM2M2JjN2M0YzAiOnsiY3JlYXRlIjoxMjAwMDAwMDAwMDAwLCJkZWxldGUiOjEyMDAwMDAwMDAwMDAsInJlYWQiOjYwMDAwMDAwMDAwMH19",
          "dependencies": [
            "module.automation_bootstrap.module.project_config.data.google_project.project",
            "module.automation_bootstrap.module.project_config.google_project.project",
            "module.automation_bootstrap.module.project_config.google_project_service.project_services"
          ]
        }
      ]
    }
  ],
  "check_results": []
}
